// !$*UTF8*$!
{
	archiveVersion = 1;
	classes = {
	};
	objectVersion = 50;
	objects = {

/* Begin PBXBuildFile section */
		B61271E52521E3F600FCF9D4 /* AppDelegate.swift in Sources */ = {isa = PBXBuildFile; fileRef = B61271E42521E3F600FCF9D4 /* AppDelegate.swift */; };
		B61271E72521E3F600FCF9D4 /* SceneDelegate.swift in Sources */ = {isa = PBXBuildFile; fileRef = B61271E62521E3F600FCF9D4 /* SceneDelegate.swift */; };
		B61271E92521E3F600FCF9D4 /* ViewController.swift in Sources */ = {isa = PBXBuildFile; fileRef = B61271E82521E3F600FCF9D4 /* ViewController.swift */; };
		B61271EC2521E3F600FCF9D4 /* Main.storyboard in Resources */ = {isa = PBXBuildFile; fileRef = B61271EA2521E3F600FCF9D4 /* Main.storyboard */; };
		B61271EF2521E3F600FCF9D4 /* TrackYourRun.xcdatamodeld in Sources */ = {isa = PBXBuildFile; fileRef = B61271ED2521E3F600FCF9D4 /* TrackYourRun.xcdatamodeld */; };
		B61271F12521E3F900FCF9D4 /* Assets.xcassets in Resources */ = {isa = PBXBuildFile; fileRef = B61271F02521E3F900FCF9D4 /* Assets.xcassets */; };
		B61271F42521E3F900FCF9D4 /* LaunchScreen.storyboard in Resources */ = {isa = PBXBuildFile; fileRef = B61271F22521E3F900FCF9D4 /* LaunchScreen.storyboard */; };
		B61271FF2521E3F900FCF9D4 /* TrackYourRunTests.swift in Sources */ = {isa = PBXBuildFile; fileRef = B61271FE2521E3F900FCF9D4 /* TrackYourRunTests.swift */; };
		B612720A2521E3F900FCF9D4 /* TrackYourRunUITests.swift in Sources */ = {isa = PBXBuildFile; fileRef = B61272092521E3F900FCF9D4 /* TrackYourRunUITests.swift */; };
		B648DF1C252B185E00A007EE /* Location.swift in Sources */ = {isa = PBXBuildFile; fileRef = B648DF1B252B185E00A007EE /* Location.swift */; };
		B65A00E4252877F000E08916 /* speedDistanceTracking.swift in Sources */ = {isa = PBXBuildFile; fileRef = B65A00E3252877F000E08916 /* speedDistanceTracking.swift */; };
/* End PBXBuildFile section */

/* Begin PBXContainerItemProxy section */
		B61271FB2521E3F900FCF9D4 /* PBXContainerItemProxy */ = {
			isa = PBXContainerItemProxy;
			containerPortal = B61271D92521E3F600FCF9D4 /* Project object */;
			proxyType = 1;
			remoteGlobalIDString = B61271E02521E3F600FCF9D4;
			remoteInfo = TrackYourRun;
		};
		B61272062521E3F900FCF9D4 /* PBXContainerItemProxy */ = {
			isa = PBXContainerItemProxy;
			containerPortal = B61271D92521E3F600FCF9D4 /* Project object */;
			proxyType = 1;
			remoteGlobalIDString = B61271E02521E3F600FCF9D4;
			remoteInfo = TrackYourRun;
		};
/* End PBXContainerItemProxy section */

/* Begin PBXFileReference section */
		B61271E12521E3F600FCF9D4 /* TrackYourRun.app */ = {isa = PBXFileReference; explicitFileType = wrapper.application; includeInIndex = 0; path = TrackYourRun.app; sourceTree = BUILT_PRODUCTS_DIR; };
		B61271E42521E3F600FCF9D4 /* AppDelegate.swift */ = {isa = PBXFileReference; lastKnownFileType = sourcecode.swift; path = AppDelegate.swift; sourceTree = "<group>"; };
		B61271E62521E3F600FCF9D4 /* SceneDelegate.swift */ = {isa = PBXFileReference; lastKnownFileType = sourcecode.swift; path = SceneDelegate.swift; sourceTree = "<group>"; };
		B61271E82521E3F600FCF9D4 /* ViewController.swift */ = {isa = PBXFileReference; lastKnownFileType = sourcecode.swift; path = ViewController.swift; sourceTree = "<group>"; };
		B61271EB2521E3F600FCF9D4 /* Base */ = {isa = PBXFileReference; lastKnownFileType = file.storyboard; name = Base; path = Base.lproj/Main.storyboard; sourceTree = "<group>"; };
		B61271EE2521E3F600FCF9D4 /* TrackYourRun.xcdatamodel */ = {isa = PBXFileReference; lastKnownFileType = wrapper.xcdatamodel; path = TrackYourRun.xcdatamodel; sourceTree = "<group>"; };
		B61271F02521E3F900FCF9D4 /* Assets.xcassets */ = {isa = PBXFileReference; lastKnownFileType = folder.assetcatalog; path = Assets.xcassets; sourceTree = "<group>"; };
		B61271F32521E3F900FCF9D4 /* Base */ = {isa = PBXFileReference; lastKnownFileType = file.storyboard; name = Base; path = Base.lproj/LaunchScreen.storyboard; sourceTree = "<group>"; };
		B61271F52521E3F900FCF9D4 /* Info.plist */ = {isa = PBXFileReference; lastKnownFileType = text.plist.xml; path = Info.plist; sourceTree = "<group>"; };
		B61271FA2521E3F900FCF9D4 /* TrackYourRunTests.xctest */ = {isa = PBXFileReference; explicitFileType = wrapper.cfbundle; includeInIndex = 0; path = TrackYourRunTests.xctest; sourceTree = BUILT_PRODUCTS_DIR; };
		B61271FE2521E3F900FCF9D4 /* TrackYourRunTests.swift */ = {isa = PBXFileReference; lastKnownFileType = sourcecode.swift; path = TrackYourRunTests.swift; sourceTree = "<group>"; };
		B61272002521E3F900FCF9D4 /* Info.plist */ = {isa = PBXFileReference; lastKnownFileType = text.plist.xml; path = Info.plist; sourceTree = "<group>"; };
		B61272052521E3F900FCF9D4 /* TrackYourRunUITests.xctest */ = {isa = PBXFileReference; explicitFileType = wrapper.cfbundle; includeInIndex = 0; path = TrackYourRunUITests.xctest; sourceTree = BUILT_PRODUCTS_DIR; };
		B61272092521E3F900FCF9D4 /* TrackYourRunUITests.swift */ = {isa = PBXFileReference; lastKnownFileType = sourcecode.swift; path = TrackYourRunUITests.swift; sourceTree = "<group>"; };
		B612720B2521E3F900FCF9D4 /* Info.plist */ = {isa = PBXFileReference; lastKnownFileType = text.plist.xml; path = Info.plist; sourceTree = "<group>"; };
		B648DF1B252B185E00A007EE /* Location.swift */ = {isa = PBXFileReference; lastKnownFileType = sourcecode.swift; path = Location.swift; sourceTree = "<group>"; };
		B65A00E3252877F000E08916 /* speedDistanceTracking.swift */ = {isa = PBXFileReference; lastKnownFileType = sourcecode.swift; path = speedDistanceTracking.swift; sourceTree = "<group>"; };
/* End PBXFileReference section */

/* Begin PBXFrameworksBuildPhase section */
		B61271DE2521E3F600FCF9D4 /* Frameworks */ = {
			isa = PBXFrameworksBuildPhase;
			buildActionMask = 2147483647;
			files = (
			);
			runOnlyForDeploymentPostprocessing = 0;
		};
		B61271F72521E3F900FCF9D4 /* Frameworks */ = {
			isa = PBXFrameworksBuildPhase;
			buildActionMask = 2147483647;
			files = (
			);
			runOnlyForDeploymentPostprocessing = 0;
		};
		B61272022521E3F900FCF9D4 /* Frameworks */ = {
			isa = PBXFrameworksBuildPhase;
			buildActionMask = 2147483647;
			files = (
			);
			runOnlyForDeploymentPostprocessing = 0;
		};
/* End PBXFrameworksBuildPhase section */

/* Begin PBXGroup section */
		B61271D82521E3F600FCF9D4 = {
			isa = PBXGroup;
			children = (
				B61271E32521E3F600FCF9D4 /* TrackYourRun */,
				B61271FD2521E3F900FCF9D4 /* TrackYourRunTests */,
				B61272082521E3F900FCF9D4 /* TrackYourRunUITests */,
				B61271E22521E3F600FCF9D4 /* Products */,
			);
			sourceTree = "<group>";
		};
		B61271E22521E3F600FCF9D4 /* Products */ = {
			isa = PBXGroup;
			children = (
				B61271E12521E3F600FCF9D4 /* TrackYourRun.app */,
				B61271FA2521E3F900FCF9D4 /* TrackYourRunTests.xctest */,
				B61272052521E3F900FCF9D4 /* TrackYourRunUITests.xctest */,
			);
			name = Products;
			sourceTree = "<group>";
		};
		B61271E32521E3F600FCF9D4 /* TrackYourRun */ = {
			isa = PBXGroup;
			children = (
				B61271E42521E3F600FCF9D4 /* AppDelegate.swift */,
				B61271E62521E3F600FCF9D4 /* SceneDelegate.swift */,
				B61271E82521E3F600FCF9D4 /* ViewController.swift */,
				B61271EA2521E3F600FCF9D4 /* Main.storyboard */,
				B61271F02521E3F900FCF9D4 /* Assets.xcassets */,
				B61271F22521E3F900FCF9D4 /* LaunchScreen.storyboard */,
				B61271F52521E3F900FCF9D4 /* Info.plist */,
				B61271ED2521E3F600FCF9D4 /* TrackYourRun.xcdatamodeld */,
				B65A00E3252877F000E08916 /* speedDistanceTracking.swift */,
				B648DF1B252B185E00A007EE /* Location.swift */,
			);
			path = TrackYourRun;
			sourceTree = "<group>";
		};
		B61271FD2521E3F900FCF9D4 /* TrackYourRunTests */ = {
			isa = PBXGroup;
			children = (
				B61271FE2521E3F900FCF9D4 /* TrackYourRunTests.swift */,
				B61272002521E3F900FCF9D4 /* Info.plist */,
			);
			path = TrackYourRunTests;
			sourceTree = "<group>";
		};
		B61272082521E3F900FCF9D4 /* TrackYourRunUITests */ = {
			isa = PBXGroup;
			children = (
				B61272092521E3F900FCF9D4 /* TrackYourRunUITests.swift */,
				B612720B2521E3F900FCF9D4 /* Info.plist */,
			);
			path = TrackYourRunUITests;
			sourceTree = "<group>";
		};
/* End PBXGroup section */

/* Begin PBXNativeTarget section */
		B61271E02521E3F600FCF9D4 /* TrackYourRun */ = {
			isa = PBXNativeTarget;
			buildConfigurationList = B612720E2521E3F900FCF9D4 /* Build configuration list for PBXNativeTarget "TrackYourRun" */;
			buildPhases = (
				B61271DD2521E3F600FCF9D4 /* Sources */,
				B61271DE2521E3F600FCF9D4 /* Frameworks */,
				B61271DF2521E3F600FCF9D4 /* Resources */,
			);
			buildRules = (
			);
			dependencies = (
			);
			name = TrackYourRun;
			productName = TrackYourRun;
			productReference = B61271E12521E3F600FCF9D4 /* TrackYourRun.app */;
			productType = "com.apple.product-type.application";
		};
		B61271F92521E3F900FCF9D4 /* TrackYourRunTests */ = {
			isa = PBXNativeTarget;
			buildConfigurationList = B61272112521E3F900FCF9D4 /* Build configuration list for PBXNativeTarget "TrackYourRunTests" */;
			buildPhases = (
				B61271F62521E3F900FCF9D4 /* Sources */,
				B61271F72521E3F900FCF9D4 /* Frameworks */,
				B61271F82521E3F900FCF9D4 /* Resources */,
			);
			buildRules = (
			);
			dependencies = (
				B61271FC2521E3F900FCF9D4 /* PBXTargetDependency */,
			);
			name = TrackYourRunTests;
			productName = TrackYourRunTests;
			productReference = B61271FA2521E3F900FCF9D4 /* TrackYourRunTests.xctest */;
			productType = "com.apple.product-type.bundle.unit-test";
		};
		B61272042521E3F900FCF9D4 /* TrackYourRunUITests */ = {
			isa = PBXNativeTarget;
			buildConfigurationList = B61272142521E3F900FCF9D4 /* Build configuration list for PBXNativeTarget "TrackYourRunUITests" */;
			buildPhases = (
				B61272012521E3F900FCF9D4 /* Sources */,
				B61272022521E3F900FCF9D4 /* Frameworks */,
				B61272032521E3F900FCF9D4 /* Resources */,
			);
			buildRules = (
			);
			dependencies = (
				B61272072521E3F900FCF9D4 /* PBXTargetDependency */,
			);
			name = TrackYourRunUITests;
			productName = TrackYourRunUITests;
			productReference = B61272052521E3F900FCF9D4 /* TrackYourRunUITests.xctest */;
			productType = "com.apple.product-type.bundle.ui-testing";
		};
/* End PBXNativeTarget section */

/* Begin PBXProject section */
		B61271D92521E3F600FCF9D4 /* Project object */ = {
			isa = PBXProject;
			attributes = {
				LastSwiftUpdateCheck = 1170;
				LastUpgradeCheck = 1170;
				ORGANIZATIONNAME = "Manners, William (Coll)";
				TargetAttributes = {
					B61271E02521E3F600FCF9D4 = {
						CreatedOnToolsVersion = 11.7;
					};
					B61271F92521E3F900FCF9D4 = {
						CreatedOnToolsVersion = 11.7;
						TestTargetID = B61271E02521E3F600FCF9D4;
					};
					B61272042521E3F900FCF9D4 = {
						CreatedOnToolsVersion = 11.7;
						TestTargetID = B61271E02521E3F600FCF9D4;
					};
				};
			};
			buildConfigurationList = B61271DC2521E3F600FCF9D4 /* Build configuration list for PBXProject "TrackYourRun" */;
			compatibilityVersion = "Xcode 9.3";
			developmentRegion = en;
			hasScannedForEncodings = 0;
			knownRegions = (
				en,
				Base,
			);
			mainGroup = B61271D82521E3F600FCF9D4;
			productRefGroup = B61271E22521E3F600FCF9D4 /* Products */;
			projectDirPath = "";
			projectRoot = "";
			targets = (
				B61271E02521E3F600FCF9D4 /* TrackYourRun */,
				B61271F92521E3F900FCF9D4 /* TrackYourRunTests */,
				B61272042521E3F900FCF9D4 /* TrackYourRunUITests */,
			);
		};
/* End PBXProject section */

/* Begin PBXResourcesBuildPhase section */
		B61271DF2521E3F600FCF9D4 /* Resources */ = {
			isa = PBXResourcesBuildPhase;
			buildActionMask = 2147483647;
			files = (
				B61271F42521E3F900FCF9D4 /* LaunchScreen.storyboard in Resources */,
				B61271F12521E3F900FCF9D4 /* Assets.xcassets in Resources */,
				B61271EC2521E3F600FCF9D4 /* Main.storyboard in Resources */,
			);
			runOnlyForDeploymentPostprocessing = 0;
		};
		B61271F82521E3F900FCF9D4 /* Resources */ = {
			isa = PBXResourcesBuildPhase;
			buildActionMask = 2147483647;
			files = (
			);
			runOnlyForDeploymentPostprocessing = 0;
		};
		B61272032521E3F900FCF9D4 /* Resources */ = {
			isa = PBXResourcesBuildPhase;
			buildActionMask = 2147483647;
			files = (
			);
			runOnlyForDeploymentPostprocessing = 0;
		};
/* End PBXResourcesBuildPhase section */

/* Begin PBXSourcesBuildPhase section */
		B61271DD2521E3F600FCF9D4 /* Sources */ = {
			isa = PBXSourcesBuildPhase;
			buildActionMask = 2147483647;
			files = (
				B61271E92521E3F600FCF9D4 /* ViewController.swift in Sources */,
				B648DF1C252B185E00A007EE /* Location.swift in Sources */,
				B65A00E4252877F000E08916 /* speedDistanceTracking.swift in Sources */,
				B61271E52521E3F600FCF9D4 /* AppDelegate.swift in Sources */,
				B61271EF2521E3F600FCF9D4 /* TrackYourRun.xcdatamodeld in Sources */,
				B61271E72521E3F600FCF9D4 /* SceneDelegate.swift in Sources */,
			);
			runOnlyForDeploymentPostprocessing = 0;
		};
		B61271F62521E3F900FCF9D4 /* Sources */ = {
			isa = PBXSourcesBuildPhase;
			buildActionMask = 2147483647;
			files = (
				B61271FF2521E3F900FCF9D4 /* TrackYourRunTests.swift in Sources */,
			);
			runOnlyForDeploymentPostprocessing = 0;
		};
		B61272012521E3F900FCF9D4 /* Sources */ = {
			isa = PBXSourcesBuildPhase;
			buildActionMask = 2147483647;
			files = (
				B612720A2521E3F900FCF9D4 /* TrackYourRunUITests.swift in Sources */,
			);
			runOnlyForDeploymentPostprocessing = 0;
		};
/* End PBXSourcesBuildPhase section */

/* Begin PBXTargetDependency section */
		B61271FC2521E3F900FCF9D4 /* PBXTargetDependency */ = {
			isa = PBXTargetDependency;
			target = B61271E02521E3F600FCF9D4 /* TrackYourRun */;
			targetProxy = B61271FB2521E3F900FCF9D4 /* PBXContainerItemProxy */;
		};
		B61272072521E3F900FCF9D4 /* PBXTargetDependency */ = {
			isa = PBXTargetDependency;
			target = B61271E02521E3F600FCF9D4 /* TrackYourRun */;
			targetProxy = B61272062521E3F900FCF9D4 /* PBXContainerItemProxy */;
		};
/* End PBXTargetDependency section */

/* Begin PBXVariantGroup section */
		B61271EA2521E3F600FCF9D4 /* Main.storyboard */ = {
			isa = PBXVariantGroup;
			children = (
				B61271EB2521E3F600FCF9D4 /* Base */,
			);
			name = Main.storyboard;
			sourceTree = "<group>";
		};
		B61271F22521E3F900FCF9D4 /* LaunchScreen.storyboard */ = {
			isa = PBXVariantGroup;
			children = (
				B61271F32521E3F900FCF9D4 /* Base */,
			);
			name = LaunchScreen.storyboard;
			sourceTree = "<group>";
		};
/* End PBXVariantGroup section */

/* Begin XCBuildConfiguration section */
		B612720C2521E3F900FCF9D4 /* Debug */ = {
			isa = XCBuildConfiguration;
			buildSettings = {
				ALWAYS_SEARCH_USER_PATHS = NO;
				CLANG_ANALYZER_NONNULL = YES;
				CLANG_ANALYZER_NUMBER_OBJECT_CONVERSION = YES_AGGRESSIVE;
				CLANG_CXX_LANGUAGE_STANDARD = "gnu++14";
				CLANG_CXX_LIBRARY = "libc++";
				CLANG_ENABLE_MODULES = YES;
				CLANG_ENABLE_OBJC_ARC = YES;
				CLANG_ENABLE_OBJC_WEAK = YES;
				CLANG_WARN_BLOCK_CAPTURE_AUTORELEASING = YES;
				CLANG_WARN_BOOL_CONVERSION = YES;
				CLANG_WARN_COMMA = YES;
				CLANG_WARN_CONSTANT_CONVERSION = YES;
				CLANG_WARN_DEPRECATED_OBJC_IMPLEMENTATIONS = YES;
				CLANG_WARN_DIRECT_OBJC_ISA_USAGE = YES_ERROR;
				CLANG_WARN_DOCUMENTATION_COMMENTS = YES;
				CLANG_WARN_EMPTY_BODY = YES;
				CLANG_WARN_ENUM_CONVERSION = YES;
				CLANG_WARN_INFINITE_RECURSION = YES;
				CLANG_WARN_INT_CONVERSION = YES;
				CLANG_WARN_NON_LITERAL_NULL_CONVERSION = YES;
				CLANG_WARN_OBJC_IMPLICIT_RETAIN_SELF = YES;
				CLANG_WARN_OBJC_LITERAL_CONVERSION = YES;
				CLANG_WARN_OBJC_ROOT_CLASS = YES_ERROR;
				CLANG_WARN_RANGE_LOOP_ANALYSIS = YES;
				CLANG_WARN_STRICT_PROTOTYPES = YES;
				CLANG_WARN_SUSPICIOUS_MOVE = YES;
				CLANG_WARN_UNGUARDED_AVAILABILITY = YES_AGGRESSIVE;
				CLANG_WARN_UNREACHABLE_CODE = YES;
				CLANG_WARN__DUPLICATE_METHOD_MATCH = YES;
				COPY_PHASE_STRIP = NO;
				DEBUG_INFORMATION_FORMAT = dwarf;
				ENABLE_STRICT_OBJC_MSGSEND = YES;
				ENABLE_TESTABILITY = YES;
				GCC_C_LANGUAGE_STANDARD = gnu11;
				GCC_DYNAMIC_NO_PIC = NO;
				GCC_NO_COMMON_BLOCKS = YES;
				GCC_OPTIMIZATION_LEVEL = 0;
				GCC_PREPROCESSOR_DEFINITIONS = (
					"DEBUG=1",
					"$(inherited)",
				);
				GCC_WARN_64_TO_32_BIT_CONVERSION = YES;
				GCC_WARN_ABOUT_RETURN_TYPE = YES_ERROR;
				GCC_WARN_UNDECLARED_SELECTOR = YES;
				GCC_WARN_UNINITIALIZED_AUTOS = YES_AGGRESSIVE;
				GCC_WARN_UNUSED_FUNCTION = YES;
				GCC_WARN_UNUSED_VARIABLE = YES;
				IPHONEOS_DEPLOYMENT_TARGET = 13.7;
				MTL_ENABLE_DEBUG_INFO = INCLUDE_SOURCE;
				MTL_FAST_MATH = YES;
				ONLY_ACTIVE_ARCH = YES;
				SDKROOT = iphoneos;
				SWIFT_ACTIVE_COMPILATION_CONDITIONS = DEBUG;
				SWIFT_OPTIMIZATION_LEVEL = "-Onone";
			};
			name = Debug;
		};
		B612720D2521E3F900FCF9D4 /* Release */ = {
			isa = XCBuildConfiguration;
			buildSettings = {
				ALWAYS_SEARCH_USER_PATHS = NO;
				CLANG_ANALYZER_NONNULL = YES;
				CLANG_ANALYZER_NUMBER_OBJECT_CONVERSION = YES_AGGRESSIVE;
				CLANG_CXX_LANGUAGE_STANDARD = "gnu++14";
				CLANG_CXX_LIBRARY = "libc++";
				CLANG_ENABLE_MODULES = YES;
				CLANG_ENABLE_OBJC_ARC = YES;
				CLANG_ENABLE_OBJC_WEAK = YES;
				CLANG_WARN_BLOCK_CAPTURE_AUTORELEASING = YES;
				CLANG_WARN_BOOL_CONVERSION = YES;
				CLANG_WARN_COMMA = YES;
				CLANG_WARN_CONSTANT_CONVERSION = YES;
				CLANG_WARN_DEPRECATED_OBJC_IMPLEMENTATIONS = YES;
				CLANG_WARN_DIRECT_OBJC_ISA_USAGE = YES_ERROR;
				CLANG_WARN_DOCUMENTATION_COMMENTS = YES;
				CLANG_WARN_EMPTY_BODY = YES;
				CLANG_WARN_ENUM_CONVERSION = YES;
				CLANG_WARN_INFINITE_RECURSION = YES;
				CLANG_WARN_INT_CONVERSION = YES;
				CLANG_WARN_NON_LITERAL_NULL_CONVERSION = YES;
				CLANG_WARN_OBJC_IMPLICIT_RETAIN_SELF = YES;
				CLANG_WARN_OBJC_LITERAL_CONVERSION = YES;
				CLANG_WARN_OBJC_ROOT_CLASS = YES_ERROR;
				CLANG_WARN_RANGE_LOOP_ANALYSIS = YES;
				CLANG_WARN_STRICT_PROTOTYPES = YES;
				CLANG_WARN_SUSPICIOUS_MOVE = YES;
				CLANG_WARN_UNGUARDED_AVAILABILITY = YES_AGGRESSIVE;
				CLANG_WARN_UNREACHABLE_CODE = YES;
				CLANG_WARN__DUPLICATE_METHOD_MATCH = YES;
				COPY_PHASE_STRIP = NO;
				DEBUG_INFORMATION_FORMAT = "dwarf-with-dsym";
				ENABLE_NS_ASSERTIONS = NO;
				ENABLE_STRICT_OBJC_MSGSEND = YES;
				GCC_C_LANGUAGE_STANDARD = gnu11;
				GCC_NO_COMMON_BLOCKS = YES;
				GCC_WARN_64_TO_32_BIT_CONVERSION = YES;
				GCC_WARN_ABOUT_RETURN_TYPE = YES_ERROR;
				GCC_WARN_UNDECLARED_SELECTOR = YES;
				GCC_WARN_UNINITIALIZED_AUTOS = YES_AGGRESSIVE;
				GCC_WARN_UNUSED_FUNCTION = YES;
				GCC_WARN_UNUSED_VARIABLE = YES;
				IPHONEOS_DEPLOYMENT_TARGET = 13.7;
				MTL_ENABLE_DEBUG_INFO = NO;
				MTL_FAST_MATH = YES;
				SDKROOT = iphoneos;
				SWIFT_COMPILATION_MODE = wholemodule;
				SWIFT_OPTIMIZATION_LEVEL = "-O";
				VALIDATE_PRODUCT = YES;
			};
			name = Release;
		};
		B612720F2521E3F900FCF9D4 /* Debug */ = {
			isa = XCBuildConfiguration;
			buildSettings = {
				ASSETCATALOG_COMPILER_APPICON_NAME = AppIcon;
				CODE_SIGN_STYLE = Automatic;
				INFOPLIST_FILE = TrackYourRun/Info.plist;
				LD_RUNPATH_SEARCH_PATHS = (
					"$(inherited)",
					"@executable_path/Frameworks",
				);
				PRODUCT_BUNDLE_IDENTIFIER = BillManners.TrackYourRun;
				PRODUCT_NAME = "$(TARGET_NAME)";
				SWIFT_VERSION = 5.0;
				TARGETED_DEVICE_FAMILY = 1;
			};
			name = Debug;
		};
		B61272102521E3F900FCF9D4 /* Release */ = {
			isa = XCBuildConfiguration;
			buildSettings = {
				ASSETCATALOG_COMPILER_APPICON_NAME = AppIcon;
				CODE_SIGN_STYLE = Automatic;
				INFOPLIST_FILE = TrackYourRun/Info.plist;
				LD_RUNPATH_SEARCH_PATHS = (
					"$(inherited)",
					"@executable_path/Frameworks",
				);
				PRODUCT_BUNDLE_IDENTIFIER = BillManners.TrackYourRun;
				PRODUCT_NAME = "$(TARGET_NAME)";
				SWIFT_VERSION = 5.0;
				TARGETED_DEVICE_FAMILY = 1;
			};
			name = Release;
		};
		B61272122521E3F900FCF9D4 /* Debug */ = {
			isa = XCBuildConfiguration;
			buildSettings = {
				ALWAYS_EMBED_SWIFT_STANDARD_LIBRARIES = YES;
				BUNDLE_LOADER = "$(TEST_HOST)";
				CODE_SIGN_STYLE = Automatic;
				INFOPLIST_FILE = TrackYourRunTests/Info.plist;
				IPHONEOS_DEPLOYMENT_TARGET = 13.7;
				LD_RUNPATH_SEARCH_PATHS = (
					"$(inherited)",
					"@executable_path/Frameworks",
					"@loader_path/Frameworks",
				);
				PRODUCT_BUNDLE_IDENTIFIER = BillManners.TrackYourRunTests;
				PRODUCT_NAME = "$(TARGET_NAME)";
				SWIFT_VERSION = 5.0;
				TARGETED_DEVICE_FAMILY = "1,2";
				TEST_HOST = "$(BUILT_PRODUCTS_DIR)/TrackYourRun.app/TrackYourRun";
			};
			name = Debug;
		};
		B61272132521E3F900FCF9D4 /* Release */ = {
			isa = XCBuildConfiguration;
			buildSettings = {
				ALWAYS_EMBED_SWIFT_STANDARD_LIBRARIES = YES;
				BUNDLE_LOADER = "$(TEST_HOST)";
				CODE_SIGN_STYLE = Automatic;
				INFOPLIST_FILE = TrackYourRunTests/Info.plist;
				IPHONEOS_DEPLOYMENT_TARGET = 13.7;
				LD_RUNPATH_SEARCH_PATHS = (
					"$(inherited)",
					"@executable_path/Frameworks",
					"@loader_path/Frameworks",
				);
				PRODUCT_BUNDLE_IDENTIFIER = BillManners.TrackYourRunTests;
				PRODUCT_NAME = "$(TARGET_NAME)";
				SWIFT_VERSION = 5.0;
				TARGETED_DEVICE_FAMILY = "1,2";
				TEST_HOST = "$(BUILT_PRODUCTS_DIR)/TrackYourRun.app/TrackYourRun";
			};
			name = Release;
		};
		B61272152521E3F900FCF9D4 /* Debug */ = {
			isa = XCBuildConfiguration;
			buildSettings = {
				ALWAYS_EMBED_SWIFT_STANDARD_LIBRARIES = YES;
				CODE_SIGN_STYLE = Automatic;
				INFOPLIST_FILE = TrackYourRunUITests/Info.plist;
				LD_RUNPATH_SEARCH_PATHS = (
					"$(inherited)",
					"@executable_path/Frameworks",
					"@loader_path/Frameworks",
				);
				PRODUCT_BUNDLE_IDENTIFIER = BillManners.TrackYourRunUITests;
				PRODUCT_NAME = "$(TARGET_NAME)";
				SWIFT_VERSION = 5.0;
				TARGETED_DEVICE_FAMILY = "1,2";
				TEST_TARGET_NAME = TrackYourRun;
			};
			name = Debug;
		};
		B61272162521E3F900FCF9D4 /* Release */ = {
			isa = XCBuildConfiguration;
			buildSettings = {
				ALWAYS_EMBED_SWIFT_STANDARD_LIBRARIES = YES;
				CODE_SIGN_STYLE = Automatic;
				INFOPLIST_FILE = TrackYourRunUITests/Info.plist;
				LD_RUNPATH_SEARCH_PATHS = (
					"$(inherited)",
					"@executable_path/Frameworks",
					"@loader_path/Frameworks",
				);
				PRODUCT_BUNDLE_IDENTIFIER = BillManners.TrackYourRunUITests;
				PRODUCT_NAME = "$(TARGET_NAME)";
				SWIFT_VERSION = 5.0;
				TARGETED_DEVICE_FAMILY = "1,2";
				TEST_TARGET_NAME = TrackYourRun;
			};
			name = Release;
		};
/* End XCBuildConfiguration section */

/* Begin XCConfigurationList section */
		B61271DC2521E3F600FCF9D4 /* Build configuration list for PBXProject "TrackYourRun" */ = {
			isa = XCConfigurationList;
			buildConfigurations = (
				B612720C2521E3F900FCF9D4 /* Debug */,
				B612720D2521E3F900FCF9D4 /* Release */,
			);
			defaultConfigurationIsVisible = 0;
			defaultConfigurationName = Release;
		};
		B612720E2521E3F900FCF9D4 /* Build configuration list for PBXNativeTarget "TrackYourRun" */ = {
			isa = XCConfigurationList;
			buildConfigurations = (
				B612720F2521E3F900FCF9D4 /* Debug */,
				B61272102521E3F900FCF9D4 /* Release */,
			);
			defaultConfigurationIsVisible = 0;
			defaultConfigurationName = Release;
		};
		B61272112521E3F900FCF9D4 /* Build configuration list for PBXNativeTarget "TrackYourRunTests" */ = {
			isa = XCConfigurationList;
			buildConfigurations = (
				B61272122521E3F900FCF9D4 /* Debug */,
				B61272132521E3F900FCF9D4 /* Release */,
			);
			defaultConfigurationIsVisible = 0;
			defaultConfigurationName = Release;
		};
		B61272142521E3F900FCF9D4 /* Build configuration list for PBXNativeTarget "TrackYourRunUITests" */ = {
			isa = XCConfigurationList;
			buildConfigurations = (
				B61272152521E3F900FCF9D4 /* Debug */,
				B61272162521E3F900FCF9D4 /* Release */,
			);
			defaultConfigurationIsVisible = 0;
			defaultConfigurationName = Release;
		};
/* End XCConfigurationList section */

/* Begin XCVersionGroup section */
		B61271ED2521E3F600FCF9D4 /* TrackYourRun.xcdatamodeld */ = {
			isa = XCVersionGroup;
			children = (
				B61271EE2521E3F600FCF9D4 /* TrackYourRun.xcdatamodel */,
			);
			currentVersion = B61271EE2521E3F600FCF9D4 /* TrackYourRun.xcdatamodel */;
			path = TrackYourRun.xcdatamodeld;
			sourceTree = "<group>";
			versionGroupType = wrapper.xcdatamodel;
		};
/* End XCVersionGroup section */
	};
	rootObject = B61271D92521E3F600FCF9D4 /* Project object */;
}
